// !$*UTF8*$!
{
	archiveVersion = 1;
	classes = {
	};
	objectVersion = 77;
	objects = {

/* Begin PBXBuildFile section */
		6804D2472E10A4CF004E65B1 /* Save4LaterShareExtension.appex in Embed Foundation Extensions */ = {isa = PBXBuildFile; fileRef = 6804D23D2E10A4CF004E65B1 /* Save4LaterShareExtension.appex */; settings = {ATTRIBUTES = (RemoveHeadersOnCopy, ); }; };
/* End PBXBuildFile section */

/* Begin PBXContainerItemProxy section */
		6804D2452E10A4CF004E65B1 /* PBXContainerItemProxy */ = {
			isa = PBXContainerItemProxy;
			containerPortal = 6840D2C72DFC7E520035BC41 /* Project object */;
			proxyType = 1;
			remoteGlobalIDString = 6804D23C2E10A4CF004E65B1;
			remoteInfo = Save4LaterShareExtension;
		};
		6840D2DD2DFC7E550035BC41 /* PBXContainerItemProxy */ = {
			isa = PBXContainerItemProxy;
			containerPortal = 6840D2C72DFC7E520035BC41 /* Project object */;
			proxyType = 1;
			remoteGlobalIDString = 6840D2CE2DFC7E520035BC41;
			remoteInfo = Save4Later;
		};
		6840D2E72DFC7E550035BC41 /* PBXContainerItemProxy */ = {
			isa = PBXContainerItemProxy;
			containerPortal = 6840D2C72DFC7E520035BC41 /* Project object */;
			proxyType = 1;
			remoteGlobalIDString = 6840D2CE2DFC7E520035BC41;
			remoteInfo = Save4Later;
		};
/* End PBXContainerItemProxy section */

/* Begin PBXCopyFilesBuildPhase section */
		6804D1E82E0F8AB0004E65B1 /* Embed Foundation Extensions */ = {
			isa = PBXCopyFilesBuildPhase;
			buildActionMask = 2147483647;
			dstPath = "";
			dstSubfolderSpec = 13;
			files = (
				6804D2472E10A4CF004E65B1 /* Save4LaterShareExtension.appex in Embed Foundation Extensions */,
			);
			name = "Embed Foundation Extensions";
			runOnlyForDeploymentPostprocessing = 0;
		};
/* End PBXCopyFilesBuildPhase section */

/* Begin PBXFileReference section */
		6804D23D2E10A4CF004E65B1 /* Save4LaterShareExtension.appex */ = {isa = PBXFileReference; explicitFileType = "wrapper.app-extension"; includeInIndex = 0; path = Save4LaterShareExtension.appex; sourceTree = BUILT_PRODUCTS_DIR; };
		6840D2CF2DFC7E520035BC41 /* Save4Later.app */ = {isa = PBXFileReference; explicitFileType = wrapper.application; includeInIndex = 0; path = Save4Later.app; sourceTree = BUILT_PRODUCTS_DIR; };
		6840D2DC2DFC7E550035BC41 /* Save4LaterTests.xctest */ = {isa = PBXFileReference; explicitFileType = wrapper.cfbundle; includeInIndex = 0; path = Save4LaterTests.xctest; sourceTree = BUILT_PRODUCTS_DIR; };
		6840D2E62DFC7E550035BC41 /* Save4LaterUITests.xctest */ = {isa = PBXFileReference; explicitFileType = wrapper.cfbundle; includeInIndex = 0; path = Save4LaterUITests.xctest; sourceTree = BUILT_PRODUCTS_DIR; };
/* End PBXFileReference section */

/* Begin PBXFileSystemSynchronizedBuildFileExceptionSet section */
		6804D1F02E0F94A2004E65B1 /* Exceptions for "Save4Later" folder in "Save4Later" target */ = {
			isa = PBXFileSystemSynchronizedBuildFileExceptionSet;
			membershipExceptions = (
				Info.plist,
			);
			target = 6840D2CE2DFC7E520035BC41 /* Save4Later */;
		};
		6804D24B2E10A4CF004E65B1 /* Exceptions for "Save4LaterShareExtension" folder in "Save4LaterShareExtension" target */ = {
			isa = PBXFileSystemSynchronizedBuildFileExceptionSet;
			membershipExceptions = (
				Info.plist,
			);
			target = 6804D23C2E10A4CF004E65B1 /* Save4LaterShareExtension */;
		};
		6804D2522E10A663004E65B1 /* Exceptions for "Save4LaterShareExtension" folder in "Save4Later" target */ = {
			isa = PBXFileSystemSynchronizedBuildFileExceptionSet;
			membershipExceptions = (
				SharedSaveItem.swift,
			);
			target = 6840D2CE2DFC7E520035BC41 /* Save4Later */;
		};
/* End PBXFileSystemSynchronizedBuildFileExceptionSet section */

/* Begin PBXFileSystemSynchronizedRootGroup section */
		6804D23E2E10A4CF004E65B1 /* Save4LaterShareExtension */ = {
			isa = PBXFileSystemSynchronizedRootGroup;
			exceptions = (
				6804D2522E10A663004E65B1 /* Exceptions for "Save4LaterShareExtension" folder in "Save4Later" target */,
				6804D24B2E10A4CF004E65B1 /* Exceptions for "Save4LaterShareExtension" folder in "Save4LaterShareExtension" target */,
			);
			path = Save4LaterShareExtension;
			sourceTree = "<group>";
		};
		6840D2D12DFC7E520035BC41 /* Save4Later */ = {
			isa = PBXFileSystemSynchronizedRootGroup;
			exceptions = (
				6804D1F02E0F94A2004E65B1 /* Exceptions for "Save4Later" folder in "Save4Later" target */,
			);
			path = Save4Later;
			sourceTree = "<group>";
		};
		6840D2DF2DFC7E550035BC41 /* Save4LaterTests */ = {
			isa = PBXFileSystemSynchronizedRootGroup;
			path = Save4LaterTests;
			sourceTree = "<group>";
		};
		6840D2E92DFC7E550035BC41 /* Save4LaterUITests */ = {
			isa = PBXFileSystemSynchronizedRootGroup;
			path = Save4LaterUITests;
			sourceTree = "<group>";
		};
/* End PBXFileSystemSynchronizedRootGroup section */

/* Begin PBXFrameworksBuildPhase section */
		6804D23A2E10A4CF004E65B1 /* Frameworks */ = {
			isa = PBXFrameworksBuildPhase;
			buildActionMask = 2147483647;
			files = (
			);
			runOnlyForDeploymentPostprocessing = 0;
		};
		6840D2CC2DFC7E520035BC41 /* Frameworks */ = {
			isa = PBXFrameworksBuildPhase;
			buildActionMask = 2147483647;
			files = (
			);
			runOnlyForDeploymentPostprocessing = 0;
		};
		6840D2D92DFC7E550035BC41 /* Frameworks */ = {
			isa = PBXFrameworksBuildPhase;
			buildActionMask = 2147483647;
			files = (
			);
			runOnlyForDeploymentPostprocessing = 0;
		};
		6840D2E32DFC7E550035BC41 /* Frameworks */ = {
			isa = PBXFrameworksBuildPhase;
			buildActionMask = 2147483647;
			files = (
			);
			runOnlyForDeploymentPostprocessing = 0;
		};
/* End PBXFrameworksBuildPhase section */

/* Begin PBXGroup section */
		6840D2C62DFC7E520035BC41 = {
			isa = PBXGroup;
			children = (
				6840D2D12DFC7E520035BC41 /* Save4Later */,
				6840D2DF2DFC7E550035BC41 /* Save4LaterTests */,
				6840D2E92DFC7E550035BC41 /* Save4LaterUITests */,
				6804D23E2E10A4CF004E65B1 /* Save4LaterShareExtension */,
				6840D2D02DFC7E520035BC41 /* Products */,
			);
			sourceTree = "<group>";
		};
		6840D2D02DFC7E520035BC41 /* Products */ = {
			isa = PBXGroup;
			children = (
				6840D2CF2DFC7E520035BC41 /* Save4Later.app */,
				6840D2DC2DFC7E550035BC41 /* Save4LaterTests.xctest */,
				6840D2E62DFC7E550035BC41 /* Save4LaterUITests.xctest */,
				6804D23D2E10A4CF004E65B1 /* Save4LaterShareExtension.appex */,
			);
			name = Products;
			sourceTree = "<group>";
		};
/* End PBXGroup section */

/* Begin PBXNativeTarget section */
		6804D23C2E10A4CF004E65B1 /* Save4LaterShareExtension */ = {
			isa = PBXNativeTarget;
			buildConfigurationList = 6804D2482E10A4CF004E65B1 /* Build configuration list for PBXNativeTarget "Save4LaterShareExtension" */;
			buildPhases = (
				6804D2392E10A4CF004E65B1 /* Sources */,
				6804D23A2E10A4CF004E65B1 /* Frameworks */,
				6804D23B2E10A4CF004E65B1 /* Resources */,
			);
			buildRules = (
			);
			dependencies = (
			);
			fileSystemSynchronizedGroups = (
				6804D23E2E10A4CF004E65B1 /* Save4LaterShareExtension */,
			);
			name = Save4LaterShareExtension;
			packageProductDependencies = (
			);
			productName = Save4LaterShareExtension;
			productReference = 6804D23D2E10A4CF004E65B1 /* Save4LaterShareExtension.appex */;
			productType = "com.apple.product-type.app-extension";
		};
		6840D2CE2DFC7E520035BC41 /* Save4Later */ = {
			isa = PBXNativeTarget;
			buildConfigurationList = 6840D2F02DFC7E550035BC41 /* Build configuration list for PBXNativeTarget "Save4Later" */;
			buildPhases = (
				6840D2CB2DFC7E520035BC41 /* Sources */,
				6840D2CC2DFC7E520035BC41 /* Frameworks */,
				6840D2CD2DFC7E520035BC41 /* Resources */,
				6804D1E82E0F8AB0004E65B1 /* Embed Foundation Extensions */,
			);
			buildRules = (
			);
			dependencies = (
				6804D2462E10A4CF004E65B1 /* PBXTargetDependency */,
			);
			fileSystemSynchronizedGroups = (
				6840D2D12DFC7E520035BC41 /* Save4Later */,
			);
			name = Save4Later;
			packageProductDependencies = (
			);
			productName = Save4Later;
			productReference = 6840D2CF2DFC7E520035BC41 /* Save4Later.app */;
			productType = "com.apple.product-type.application";
		};
		6840D2DB2DFC7E550035BC41 /* Save4LaterTests */ = {
			isa = PBXNativeTarget;
			buildConfigurationList = 6840D2F32DFC7E550035BC41 /* Build configuration list for PBXNativeTarget "Save4LaterTests" */;
			buildPhases = (
				6840D2D82DFC7E550035BC41 /* Sources */,
				6840D2D92DFC7E550035BC41 /* Frameworks */,
				6840D2DA2DFC7E550035BC41 /* Resources */,
			);
			buildRules = (
			);
			dependencies = (
				6840D2DE2DFC7E550035BC41 /* PBXTargetDependency */,
			);
			fileSystemSynchronizedGroups = (
				6840D2DF2DFC7E550035BC41 /* Save4LaterTests */,
			);
			name = Save4LaterTests;
			packageProductDependencies = (
			);
			productName = Save4LaterTests;
			productReference = 6840D2DC2DFC7E550035BC41 /* Save4LaterTests.xctest */;
			productType = "com.apple.product-type.bundle.unit-test";
		};
		6840D2E52DFC7E550035BC41 /* Save4LaterUITests */ = {
			isa = PBXNativeTarget;
			buildConfigurationList = 6840D2F62DFC7E550035BC41 /* Build configuration list for PBXNativeTarget "Save4LaterUITests" */;
			buildPhases = (
				6840D2E22DFC7E550035BC41 /* Sources */,
				6840D2E32DFC7E550035BC41 /* Frameworks */,
				6840D2E42DFC7E550035BC41 /* Resources */,
			);
			buildRules = (
			);
			dependencies = (
				6840D2E82DFC7E550035BC41 /* PBXTargetDependency */,
			);
			fileSystemSynchronizedGroups = (
				6840D2E92DFC7E550035BC41 /* Save4LaterUITests */,
			);
			name = Save4LaterUITests;
			packageProductDependencies = (
			);
			productName = Save4LaterUITests;
			productReference = 6840D2E62DFC7E550035BC41 /* Save4LaterUITests.xctest */;
			productType = "com.apple.product-type.bundle.ui-testing";
		};
/* End PBXNativeTarget section */

/* Begin PBXProject section */
		6840D2C72DFC7E520035BC41 /* Project object */ = {
			isa = PBXProject;
			attributes = {
				BuildIndependentTargetsInParallel = 1;
				LastSwiftUpdateCheck = 1630;
				LastUpgradeCheck = 1630;
				TargetAttributes = {
					6804D23C2E10A4CF004E65B1 = {
						CreatedOnToolsVersion = 16.3;
					};
					6840D2CE2DFC7E520035BC41 = {
						CreatedOnToolsVersion = 16.3;
					};
					6840D2DB2DFC7E550035BC41 = {
						CreatedOnToolsVersion = 16.3;
						TestTargetID = 6840D2CE2DFC7E520035BC41;
					};
					6840D2E52DFC7E550035BC41 = {
						CreatedOnToolsVersion = 16.3;
						TestTargetID = 6840D2CE2DFC7E520035BC41;
					};
				};
			};
			buildConfigurationList = 6840D2CA2DFC7E520035BC41 /* Build configuration list for PBXProject "Save4Later" */;
			developmentRegion = en;
			hasScannedForEncodings = 0;
			knownRegions = (
				en,
				Base,
			);
			mainGroup = 6840D2C62DFC7E520035BC41;
			minimizedProjectReferenceProxies = 1;
			preferredProjectObjectVersion = 77;
			productRefGroup = 6840D2D02DFC7E520035BC41 /* Products */;
			projectDirPath = "";
			projectRoot = "";
			targets = (
				6840D2CE2DFC7E520035BC41 /* Save4Later */,
				6840D2DB2DFC7E550035BC41 /* Save4LaterTests */,
				6840D2E52DFC7E550035BC41 /* Save4LaterUITests */,
				6804D23C2E10A4CF004E65B1 /* Save4LaterShareExtension */,
			);
		};
/* End PBXProject section */

/* Begin PBXResourcesBuildPhase section */
		6804D23B2E10A4CF004E65B1 /* Resources */ = {
			isa = PBXResourcesBuildPhase;
			buildActionMask = 2147483647;
			files = (
			);
			runOnlyForDeploymentPostprocessing = 0;
		};
		6840D2CD2DFC7E520035BC41 /* Resources */ = {
			isa = PBXResourcesBuildPhase;
			buildActionMask = 2147483647;
			files = (
			);
			runOnlyForDeploymentPostprocessing = 0;
		};
		6840D2DA2DFC7E550035BC41 /* Resources */ = {
			isa = PBXResourcesBuildPhase;
			buildActionMask = 2147483647;
			files = (
			);
			runOnlyForDeploymentPostprocessing = 0;
		};
		6840D2E42DFC7E550035BC41 /* Resources */ = {
			isa = PBXResourcesBuildPhase;
			buildActionMask = 2147483647;
			files = (
			);
			runOnlyForDeploymentPostprocessing = 0;
		};
/* End PBXResourcesBuildPhase section */

/* Begin PBXSourcesBuildPhase section */
		6804D2392E10A4CF004E65B1 /* Sources */ = {
			isa = PBXSourcesBuildPhase;
			buildActionMask = 2147483647;
			files = (
			);
			runOnlyForDeploymentPostprocessing = 0;
		};
		6840D2CB2DFC7E520035BC41 /* Sources */ = {
			isa = PBXSourcesBuildPhase;
			buildActionMask = 2147483647;
			files = (
			);
			runOnlyForDeploymentPostprocessing = 0;
		};
		6840D2D82DFC7E550035BC41 /* Sources */ = {
			isa = PBXSourcesBuildPhase;
			buildActionMask = 2147483647;
			files = (
			);
			runOnlyForDeploymentPostprocessing = 0;
		};
		6840D2E22DFC7E550035BC41 /* Sources */ = {
			isa = PBXSourcesBuildPhase;
			buildActionMask = 2147483647;
			files = (
			);
			runOnlyForDeploymentPostprocessing = 0;
		};
/* End PBXSourcesBuildPhase section */

/* Begin PBXTargetDependency section */
		6804D2462E10A4CF004E65B1 /* PBXTargetDependency */ = {
			isa = PBXTargetDependency;
			target = 6804D23C2E10A4CF004E65B1 /* Save4LaterShareExtension */;
			targetProxy = 6804D2452E10A4CF004E65B1 /* PBXContainerItemProxy */;
		};
		6840D2DE2DFC7E550035BC41 /* PBXTargetDependency */ = {
			isa = PBXTargetDependency;
			target = 6840D2CE2DFC7E520035BC41 /* Save4Later */;
			targetProxy = 6840D2DD2DFC7E550035BC41 /* PBXContainerItemProxy */;
		};
		6840D2E82DFC7E550035BC41 /* PBXTargetDependency */ = {
			isa = PBXTargetDependency;
			target = 6840D2CE2DFC7E520035BC41 /* Save4Later */;
			targetProxy = 6840D2E72DFC7E550035BC41 /* PBXContainerItemProxy */;
		};
/* End PBXTargetDependency section */

/* Begin XCBuildConfiguration section */
		6804D2492E10A4CF004E65B1 /* Debug */ = {
			isa = XCBuildConfiguration;
			buildSettings = {
				CODE_SIGN_ENTITLEMENTS = Save4LaterShareExtension/Save4LaterShareExtension.entitlements;
				CODE_SIGN_STYLE = Automatic;
				CURRENT_PROJECT_VERSION = 1;
				DEVELOPMENT_TEAM = S7Z83W6J7D;
				GENERATE_INFOPLIST_FILE = YES;
				INFOPLIST_FILE = Save4LaterShareExtension/Info.plist;
				INFOPLIST_KEY_CFBundleDisplayName = Save4LaterShareExtension;
				INFOPLIST_KEY_NSHumanReadableCopyright = "";
				LD_RUNPATH_SEARCH_PATHS = (
					"$(inherited)",
					"@executable_path/Frameworks",
					"@executable_path/../../Frameworks",
				);
				MARKETING_VERSION = 1.0;
				PRODUCT_BUNDLE_IDENTIFIER = NicG.Save4Later.Save4LaterShareExtension;
				PRODUCT_NAME = "$(TARGET_NAME)";
				SKIP_INSTALL = YES;
				SWIFT_EMIT_LOC_STRINGS = YES;
				SWIFT_VERSION = 5.0;
				TARGETED_DEVICE_FAMILY = "1,2";
			};
			name = Debug;
		};
		6804D24A2E10A4CF004E65B1 /* Release */ = {
			isa = XCBuildConfiguration;
			buildSettings = {
				CODE_SIGN_ENTITLEMENTS = Save4LaterShareExtension/Save4LaterShareExtension.entitlements;
				CODE_SIGN_STYLE = Automatic;
				CURRENT_PROJECT_VERSION = 1;
				DEVELOPMENT_TEAM = S7Z83W6J7D;
				GENERATE_INFOPLIST_FILE = YES;
				INFOPLIST_FILE = Save4LaterShareExtension/Info.plist;
				INFOPLIST_KEY_CFBundleDisplayName = Save4LaterShareExtension;
				INFOPLIST_KEY_NSHumanReadableCopyright = "";
				LD_RUNPATH_SEARCH_PATHS = (
					"$(inherited)",
					"@executable_path/Frameworks",
					"@executable_path/../../Frameworks",
				);
				MARKETING_VERSION = 1.0;
				PRODUCT_BUNDLE_IDENTIFIER = NicG.Save4Later.Save4LaterShareExtension;
				PRODUCT_NAME = "$(TARGET_NAME)";
				SKIP_INSTALL = YES;
				SWIFT_EMIT_LOC_STRINGS = YES;
				SWIFT_VERSION = 5.0;
				TARGETED_DEVICE_FAMILY = "1,2";
			};
			name = Release;
		};
		6840D2EE2DFC7E550035BC41 /* Debug */ = {
			isa = XCBuildConfiguration;
			buildSettings = {
				ALWAYS_SEARCH_USER_PATHS = NO;
				ASSETCATALOG_COMPILER_GENERATE_SWIFT_ASSET_SYMBOL_EXTENSIONS = YES;
				CLANG_ANALYZER_NONNULL = YES;
				CLANG_ANALYZER_NUMBER_OBJECT_CONVERSION = YES_AGGRESSIVE;
				CLANG_CXX_LANGUAGE_STANDARD = "gnu++20";
				CLANG_ENABLE_MODULES = YES;
				CLANG_ENABLE_OBJC_ARC = YES;
				CLANG_ENABLE_OBJC_WEAK = YES;
				CLANG_WARN_BLOCK_CAPTURE_AUTORELEASING = YES;
				CLANG_WARN_BOOL_CONVERSION = YES;
				CLANG_WARN_COMMA = YES;
				CLANG_WARN_CONSTANT_CONVERSION = YES;
				CLANG_WARN_DEPRECATED_OBJC_IMPLEMENTATIONS = YES;
				CLANG_WARN_DIRECT_OBJC_ISA_USAGE = YES_ERROR;
				CLANG_WARN_DOCUMENTATION_COMMENTS = YES;
				CLANG_WARN_EMPTY_BODY = YES;
				CLANG_WARN_ENUM_CONVERSION = YES;
				CLANG_WARN_INFINITE_RECURSION = YES;
				CLANG_WARN_INT_CONVERSION = YES;
				CLANG_WARN_NON_LITERAL_NULL_CONVERSION = YES;
				CLANG_WARN_OBJC_IMPLICIT_RETAIN_SELF = YES;
				CLANG_WARN_OBJC_LITERAL_CONVERSION = YES;
				CLANG_WARN_OBJC_ROOT_CLASS = YES_ERROR;
				CLANG_WARN_QUOTED_INCLUDE_IN_FRAMEWORK_HEADER = YES;
				CLANG_WARN_RANGE_LOOP_ANALYSIS = YES;
				CLANG_WARN_STRICT_PROTOTYPES = YES;
				CLANG_WARN_SUSPICIOUS_MOVE = YES;
				CLANG_WARN_UNGUARDED_AVAILABILITY = YES_AGGRESSIVE;
				CLANG_WARN_UNREACHABLE_CODE = YES;
				CLANG_WARN__DUPLICATE_METHOD_MATCH = YES;
				COPY_PHASE_STRIP = NO;
				DEBUG_INFORMATION_FORMAT = dwarf;
				DEVELOPMENT_TEAM = S7Z83W6J7D;
				ENABLE_STRICT_OBJC_MSGSEND = YES;
				ENABLE_TESTABILITY = YES;
				ENABLE_USER_SCRIPT_SANDBOXING = YES;
				GCC_C_LANGUAGE_STANDARD = gnu17;
				GCC_DYNAMIC_NO_PIC = NO;
				GCC_NO_COMMON_BLOCKS = YES;
				GCC_OPTIMIZATION_LEVEL = 0;
				GCC_PREPROCESSOR_DEFINITIONS = (
					"DEBUG=1",
					"$(inherited)",
				);
				GCC_WARN_64_TO_32_BIT_CONVERSION = YES;
				GCC_WARN_ABOUT_RETURN_TYPE = YES_ERROR;
				GCC_WARN_UNDECLARED_SELECTOR = YES;
				GCC_WARN_UNINITIALIZED_AUTOS = YES_AGGRESSIVE;
				GCC_WARN_UNUSED_FUNCTION = YES;
				GCC_WARN_UNUSED_VARIABLE = YES;
				IPHONEOS_DEPLOYMENT_TARGET = 18.4;
				LOCALIZATION_PREFERS_STRING_CATALOGS = YES;
				MTL_ENABLE_DEBUG_INFO = INCLUDE_SOURCE;
				MTL_FAST_MATH = YES;
				ONLY_ACTIVE_ARCH = YES;
				SDKROOT = iphoneos;
				SWIFT_ACTIVE_COMPILATION_CONDITIONS = "DEBUG $(inherited)";
				SWIFT_OPTIMIZATION_LEVEL = "-Onone";
			};
			name = Debug;
		};
		6840D2EF2DFC7E550035BC41 /* Release */ = {
			isa = XCBuildConfiguration;
			buildSettings = {
				ALWAYS_SEARCH_USER_PATHS = NO;
				ASSETCATALOG_COMPILER_GENERATE_SWIFT_ASSET_SYMBOL_EXTENSIONS = YES;
				CLANG_ANALYZER_NONNULL = YES;
				CLANG_ANALYZER_NUMBER_OBJECT_CONVERSION = YES_AGGRESSIVE;
				CLANG_CXX_LANGUAGE_STANDARD = "gnu++20";
				CLANG_ENABLE_MODULES = YES;
				CLANG_ENABLE_OBJC_ARC = YES;
				CLANG_ENABLE_OBJC_WEAK = YES;
				CLANG_WARN_BLOCK_CAPTURE_AUTORELEASING = YES;
				CLANG_WARN_BOOL_CONVERSION = YES;
				CLANG_WARN_COMMA = YES;
				CLANG_WARN_CONSTANT_CONVERSION = YES;
				CLANG_WARN_DEPRECATED_OBJC_IMPLEMENTATIONS = YES;
				CLANG_WARN_DIRECT_OBJC_ISA_USAGE = YES_ERROR;
				CLANG_WARN_DOCUMENTATION_COMMENTS = YES;
				CLANG_WARN_EMPTY_BODY = YES;
				CLANG_WARN_ENUM_CONVERSION = YES;
				CLANG_WARN_INFINITE_RECURSION = YES;
				CLANG_WARN_INT_CONVERSION = YES;
				CLANG_WARN_NON_LITERAL_NULL_CONVERSION = YES;
				CLANG_WARN_OBJC_IMPLICIT_RETAIN_SELF = YES;
				CLANG_WARN_OBJC_LITERAL_CONVERSION = YES;
				CLANG_WARN_OBJC_ROOT_CLASS = YES_ERROR;
				CLANG_WARN_QUOTED_INCLUDE_IN_FRAMEWORK_HEADER = YES;
				CLANG_WARN_RANGE_LOOP_ANALYSIS = YES;
				CLANG_WARN_STRICT_PROTOTYPES = YES;
				CLANG_WARN_SUSPICIOUS_MOVE = YES;
				CLANG_WARN_UNGUARDED_AVAILABILITY = YES_AGGRESSIVE;
				CLANG_WARN_UNREACHABLE_CODE = YES;
				CLANG_WARN__DUPLICATE_METHOD_MATCH = YES;
				COPY_PHASE_STRIP = NO;
				DEBUG_INFORMATION_FORMAT = "dwarf-with-dsym";
				DEVELOPMENT_TEAM = S7Z83W6J7D;
				ENABLE_NS_ASSERTIONS = NO;
				ENABLE_STRICT_OBJC_MSGSEND = YES;
				ENABLE_USER_SCRIPT_SANDBOXING = YES;
				GCC_C_LANGUAGE_STANDARD = gnu17;
				GCC_NO_COMMON_BLOCKS = YES;
				GCC_WARN_64_TO_32_BIT_CONVERSION = YES;
				GCC_WARN_ABOUT_RETURN_TYPE = YES_ERROR;
				GCC_WARN_UNDECLARED_SELECTOR = YES;
				GCC_WARN_UNINITIALIZED_AUTOS = YES_AGGRESSIVE;
				GCC_WARN_UNUSED_FUNCTION = YES;
				GCC_WARN_UNUSED_VARIABLE = YES;
				IPHONEOS_DEPLOYMENT_TARGET = 18.4;
				LOCALIZATION_PREFERS_STRING_CATALOGS = YES;
				MTL_ENABLE_DEBUG_INFO = NO;
				MTL_FAST_MATH = YES;
				SDKROOT = iphoneos;
				SWIFT_COMPILATION_MODE = wholemodule;
				VALIDATE_PRODUCT = YES;
			};
			name = Release;
		};
		6840D2F12DFC7E550035BC41 /* Debug */ = {
			isa = XCBuildConfiguration;
			buildSettings = {
				ASSETCATALOG_COMPILER_APPICON_NAME = AppIcon;
				ASSETCATALOG_COMPILER_GLOBAL_ACCENT_COLOR_NAME = AccentColor;
				ASSETCATALOG_COMPILER_INCLUDE_ALL_APPICON_ASSETS = YES;
				CODE_SIGN_ENTITLEMENTS = Save4Later/Save4Later.entitlements;
				CODE_SIGN_STYLE = Automatic;
				CURRENT_PROJECT_VERSION = 1.1;
				DEVELOPMENT_TEAM = S7Z83W6J7D;
				ENABLE_PREVIEWS = YES;
				GENERATE_INFOPLIST_FILE = YES;
				INFOPLIST_FILE = Save4Later/Info.plist;
				INFOPLIST_KEY_UIApplicationSceneManifest_Generation = YES;
				INFOPLIST_KEY_UIApplicationSupportsIndirectInputEvents = YES;
				INFOPLIST_KEY_UILaunchStoryboardName = LaunchScreen;
				INFOPLIST_KEY_UISupportedInterfaceOrientations = "UIInterfaceOrientationLandscapeLeft UIInterfaceOrientationLandscapeRight UIInterfaceOrientationPortrait";
				INFOPLIST_KEY_UISupportedInterfaceOrientations_iPad = "UIInterfaceOrientationLandscapeLeft UIInterfaceOrientationLandscapeRight UIInterfaceOrientationPortrait UIInterfaceOrientationPortraitUpsideDown";
				LD_RUNPATH_SEARCH_PATHS = (
					"$(inherited)",
					"@executable_path/Frameworks",
				);
				MARKETING_VERSION = 1.1;
				PRODUCT_BUNDLE_IDENTIFIER = NicG.Save4Later;
				PRODUCT_NAME = "$(TARGET_NAME)";
				SWIFT_EMIT_LOC_STRINGS = YES;
				SWIFT_VERSION = 5.0;
				TARGETED_DEVICE_FAMILY = "1,2";
			};
			name = Debug;
		};
		6840D2F22DFC7E550035BC41 /* Release */ = {
			isa = XCBuildConfiguration;
			buildSettings = {
				ASSETCATALOG_COMPILER_APPICON_NAME = AppIcon;
				ASSETCATALOG_COMPILER_GLOBAL_ACCENT_COLOR_NAME = AccentColor;
				ASSETCATALOG_COMPILER_INCLUDE_ALL_APPICON_ASSETS = YES;
				CODE_SIGN_ENTITLEMENTS = Save4Later/Save4Later.entitlements;
				CODE_SIGN_STYLE = Automatic;
				CURRENT_PROJECT_VERSION = 1.1;
				DEVELOPMENT_TEAM = S7Z83W6J7D;
				ENABLE_PREVIEWS = YES;
				GENERATE_INFOPLIST_FILE = YES;
				INFOPLIST_FILE = Save4Later/Info.plist;
				INFOPLIST_KEY_UIApplicationSceneManifest_Generation = YES;
				INFOPLIST_KEY_UIApplicationSupportsIndirectInputEvents = YES;
				INFOPLIST_KEY_UILaunchStoryboardName = LaunchScreen;
				INFOPLIST_KEY_UISupportedInterfaceOrientations = "UIInterfaceOrientationLandscapeLeft UIInterfaceOrientationLandscapeRight UIInterfaceOrientationPortrait";
				INFOPLIST_KEY_UISupportedInterfaceOrientations_iPad = "UIInterfaceOrientationLandscapeLeft UIInterfaceOrientationLandscapeRight UIInterfaceOrientationPortrait UIInterfaceOrientationPortraitUpsideDown";
				LD_RUNPATH_SEARCH_PATHS = (
					"$(inherited)",
					"@executable_path/Frameworks",
				);
				MARKETING_VERSION = 1.1;
				PRODUCT_BUNDLE_IDENTIFIER = NicG.Save4Later;
				PRODUCT_NAME = "$(TARGET_NAME)";
				SWIFT_EMIT_LOC_STRINGS = YES;
				SWIFT_VERSION = 5.0;
				TARGETED_DEVICE_FAMILY = "1,2";
			};
			name = Release;
		};
		6840D2F42DFC7E550035BC41 /* Debug */ = {
			isa = XCBuildConfiguration;
			buildSettings = {
				BUNDLE_LOADER = "$(TEST_HOST)";
				CODE_SIGN_STYLE = Automatic;
				CURRENT_PROJECT_VERSION = 1;
				DEVELOPMENT_TEAM = S7Z83W6J7D;
				GENERATE_INFOPLIST_FILE = YES;
				IPHONEOS_DEPLOYMENT_TARGET = 18.4;
				MARKETING_VERSION = 1.0;
				PRODUCT_BUNDLE_IDENTIFIER = NicG.Save4LaterTests;
				PRODUCT_NAME = "$(TARGET_NAME)";
				SWIFT_EMIT_LOC_STRINGS = NO;
				SWIFT_VERSION = 5.0;
				TARGETED_DEVICE_FAMILY = "1,2";
				TEST_HOST = "$(BUILT_PRODUCTS_DIR)/Save4Later.app/$(BUNDLE_EXECUTABLE_FOLDER_PATH)/Save4Later";
			};
			name = Debug;
		};
		6840D2F52DFC7E550035BC41 /* Release */ = {
			isa = XCBuildConfiguration;
			buildSettings = {
				BUNDLE_LOADER = "$(TEST_HOST)";
				CODE_SIGN_STYLE = Automatic;
				CURRENT_PROJECT_VERSION = 1;
				DEVELOPMENT_TEAM = S7Z83W6J7D;
				GENERATE_INFOPLIST_FILE = YES;
				IPHONEOS_DEPLOYMENT_TARGET = 18.4;
				MARKETING_VERSION = 1.0;
				PRODUCT_BUNDLE_IDENTIFIER = NicG.Save4LaterTests;
				PRODUCT_NAME = "$(TARGET_NAME)";
				SWIFT_EMIT_LOC_STRINGS = NO;
				SWIFT_VERSION = 5.0;
				TARGETED_DEVICE_FAMILY = "1,2";
				TEST_HOST = "$(BUILT_PRODUCTS_DIR)/Save4Later.app/$(BUNDLE_EXECUTABLE_FOLDER_PATH)/Save4Later";
			};
			name = Release;
		};
		6840D2F72DFC7E550035BC41 /* Debug */ = {
			isa = XCBuildConfiguration;
			buildSettings = {
				CODE_SIGN_STYLE = Automatic;
				CURRENT_PROJECT_VERSION = 1;
				DEVELOPMENT_TEAM = S7Z83W6J7D;
				GENERATE_INFOPLIST_FILE = YES;
				MARKETING_VERSION = 1.0;
				PRODUCT_BUNDLE_IDENTIFIER = NicG.Save4LaterUITests;
				PRODUCT_NAME = "$(TARGET_NAME)";
				SWIFT_EMIT_LOC_STRINGS = NO;
				SWIFT_VERSION = 5.0;
				TARGETED_DEVICE_FAMILY = "1,2";
				TEST_TARGET_NAME = Save4Later;
			};
			name = Debug;
		};
		6840D2F82DFC7E550035BC41 /* Release */ = {
			isa = XCBuildConfiguration;
			buildSettings = {
				CODE_SIGN_STYLE = Automatic;
				CURRENT_PROJECT_VERSION = 1;
				DEVELOPMENT_TEAM = S7Z83W6J7D;
				GENERATE_INFOPLIST_FILE = YES;
				MARKETING_VERSION = 1.0;
				PRODUCT_BUNDLE_IDENTIFIER = NicG.Save4LaterUITests;
				PRODUCT_NAME = "$(TARGET_NAME)";
				SWIFT_EMIT_LOC_STRINGS = NO;
				SWIFT_VERSION = 5.0;
				TARGETED_DEVICE_FAMILY = "1,2";
				TEST_TARGET_NAME = Save4Later;
			};
			name = Release;
		};
/* End XCBuildConfiguration section */

/* Begin XCConfigurationList section */
		6804D2482E10A4CF004E65B1 /* Build configuration list for PBXNativeTarget "Save4LaterShareExtension" */ = {
			isa = XCConfigurationList;
			buildConfigurations = (
				6804D2492E10A4CF004E65B1 /* Debug */,
				6804D24A2E10A4CF004E65B1 /* Release */,
			);
			defaultConfigurationIsVisible = 0;
			defaultConfigurationName = Release;
		};
		6840D2CA2DFC7E520035BC41 /* Build configuration list for PBXProject "Save4Later" */ = {
			isa = XCConfigurationList;
			buildConfigurations = (
				6840D2EE2DFC7E550035BC41 /* Debug */,
				6840D2EF2DFC7E550035BC41 /* Release */,
			);
			defaultConfigurationIsVisible = 0;
			defaultConfigurationName = Release;
		};
		6840D2F02DFC7E550035BC41 /* Build configuration list for PBXNativeTarget "Save4Later" */ = {
			isa = XCConfigurationList;
			buildConfigurations = (
				6840D2F12DFC7E550035BC41 /* Debug */,
				6840D2F22DFC7E550035BC41 /* Release */,
			);
			defaultConfigurationIsVisible = 0;
			defaultConfigurationName = Release;
		};
		6840D2F32DFC7E550035BC41 /* Build configuration list for PBXNativeTarget "Save4LaterTests" */ = {
			isa = XCConfigurationList;
			buildConfigurations = (
				6840D2F42DFC7E550035BC41 /* Debug */,
				6840D2F52DFC7E550035BC41 /* Release */,
			);
			defaultConfigurationIsVisible = 0;
			defaultConfigurationName = Release;
		};
		6840D2F62DFC7E550035BC41 /* Build configuration list for PBXNativeTarget "Save4LaterUITests" */ = {
			isa = XCConfigurationList;
			buildConfigurations = (
				6840D2F72DFC7E550035BC41 /* Debug */,
				6840D2F82DFC7E550035BC41 /* Release */,
			);
			defaultConfigurationIsVisible = 0;
			defaultConfigurationName = Release;
		};
/* End XCConfigurationList section */
	};
	rootObject = 6840D2C72DFC7E520035BC41 /* Project object */;
}
